schema: '2.0'
stages:
  data_ingestion:
    cmd: python src/cnnClassifier/pipeline/stage_01_data_ingestion.py
    deps:
    - path: config/config.yaml
      hash: md5
      md5: 895f1c48f06ad6d0992adfd81086decd
      size: 589
    - path: src/cnnClassifier/pipeline/stage_01_data_ingestion.py
      hash: md5
      md5: 0945cee246789bb81f81ffef387e44e7
      size: 908
    outs:
    - path: artifacts/data_ingestion/kidney-ct-scan-image
      hash: md5
      md5: 33ed59dbe5dec8ce2bb8e489b55203e4.dir
      size: 58936381
      nfiles: 465
  training:
    cmd: python src/cnnClassifier/pipeline/stage_03_training_model.py
    deps:
    - path: artifacts/data_ingestion/kidney-ct-scan-image
      hash: md5
      md5: 33ed59dbe5dec8ce2bb8e489b55203e4.dir
      size: 58936381
      nfiles: 465
    - path: artifacts/prepare_base_model
      hash: md5
      md5: c995a46c50c9f9c6625a119f60d46659.dir
      size: 118054560
      nfiles: 2
    - path: config/config.yaml
      hash: md5
      md5: 895f1c48f06ad6d0992adfd81086decd
      size: 589
    - path: src/cnnClassifier/pipeline/stage_03_training_model.py
      hash: md5
      md5: 66f45ee1593cd93af0b043f64fa02c60
      size: 872
    params:
      params.yaml:
        AUGMENTATION: true
        BATCH_SIZE: 16
        EPOCHS: 5
        IMAGE_SIZE:
        - 224
        - 224
        - 3
    outs:
    - path: artifacts/training/model.h5
      hash: md5
      md5: 6bf92458034a431bb0b75a108084a367
      size: 59337520
  evaluation:
    cmd: python src/cnnClassifier/pipeline/stage_04_model_evaluation.py
    deps:
    - path: artifacts/data_ingestion/kidney-ct-scan-image
      hash: md5
      md5: 33ed59dbe5dec8ce2bb8e489b55203e4.dir
      size: 58936381
      nfiles: 465
    - path: artifacts/training/model.h5
      hash: md5
      md5: 6bf92458034a431bb0b75a108084a367
      size: 59337520
    - path: config/config.yaml
      hash: md5
      md5: 895f1c48f06ad6d0992adfd81086decd
      size: 589
    - path: src/cnnClassifier/pipeline/stage_04_model_evaluation.py
      hash: md5
      md5: 0d5dce35f10c624634b08ed855e98e18
      size: 841
    params:
      params.yaml:
        BATCH_SIZE: 16
        IMAGE_SIZE:
        - 224
        - 224
        - 3
    outs:
    - path: scores.json
      hash: md5
      md5: fd546eca7ff2bfdad02d889052f4f2c2
      size: 72
